
Microsoft Visual Studio Solution File, Format Version 12.00
# Visual Studio 15
VisualStudioVersion = 15.0.27004.2002
MinimumVisualStudioVersion = 10.0.40219.1
Project("{FAE04EC0-301F-11D3-BF4B-00C04F79EFBC}") = "Sepii", "Sepii\Sepii.csproj", "{7409AAAA-C2D4-42AD-87BF-70223D8DD0EE}"
EndProject
Global
	GlobalSection(SolutionConfigurationPlatforms) = preSolution
		Debug|Any CPU = Debug|Any CPU
		Release|Any CPU = Release|Any CPU
	EndGlobalSection
	GlobalSection(ProjectConfigurationPlatforms) = postSolution
		{7409AAAA-C2D4-42AD-87BF-70223D8DD0EE}.Debug|Any CPU.ActiveCfg = Debug|Any CPU
		{7409AAAA-C2D4-42AD-87BF-70223D8DD0EE}.Debug|Any CPU.Build.0 = Debug|Any CPU
		{7409AAAA-C2D4-42AD-87BF-70223D8DD0EE}.Release|Any CPU.ActiveCfg = Release|Any CPU
		{7409AAAA-C2D4-42AD-87BF-70223D8DD0EE}.Release|Any CPU.Build.0 = Release|Any CPU
	EndGlobalSection
	GlobalSection(SolutionProperties) = preSolution
		HideSolutionNode = FALSE
	EndGlobalSection
	GlobalSection(ExtensibilityGlobals) = postSolution
		SolutionGuid = {2B0F0ADB-4945-49C4-9E1A-169ACE0822F8}
	EndGlobalSection
EndGlobal
